
Microsoft Visual Studio Solution File, Format Version 12.00
# Visual Studio Version 17
VisualStudioVersion = 17.10.34928.147
MinimumVisualStudioVersion = 10.0.40219.1
Project("{9A19103F-16F7-4668-BE54-9A1E7A4F7556}") = "iFind", "iFind\iFind.csproj", "{6564D3FD-959F-4509-B8CD-B29965D218B8}"
EndProject
Project("{FAE04EC0-301F-11D3-BF4B-00C04F79EFBC}") = "IFFind", "IFFind\IFFind.csproj", "{B92C58C3-3404-409C-B970-66A1305AFE08}"
EndProject
Project("{FAE04EC0-301F-11D3-BF4B-00C04F79EFBC}") = "FstShared", "FstShared\FstShared.csproj", "{31480781-D1A6-43C0-B0F4-7428D5A51D8C}"
EndProject
Global
	GlobalSection(SolutionConfigurationPlatforms) = preSolution
		Debug|Any CPU = Debug|Any CPU
		Release|Any CPU = Release|Any CPU
	EndGlobalSection
	GlobalSection(ProjectConfigurationPlatforms) = postSolution
		{6564D3FD-959F-4509-B8CD-B29965D218B8}.Debug|Any CPU.ActiveCfg = Debug|Any CPU
		{6564D3FD-959F-4509-B8CD-B29965D218B8}.Debug|Any CPU.Build.0 = Debug|Any CPU
		{6564D3FD-959F-4509-B8CD-B29965D218B8}.Release|Any CPU.ActiveCfg = Release|Any CPU
		{6564D3FD-959F-4509-B8CD-B29965D218B8}.Release|Any CPU.Build.0 = Release|Any CPU
		{B92C58C3-3404-409C-B970-66A1305AFE08}.Debug|Any CPU.ActiveCfg = Debug|Any CPU
		{B92C58C3-3404-409C-B970-66A1305AFE08}.Debug|Any CPU.Build.0 = Debug|Any CPU
		{B92C58C3-3404-409C-B970-66A1305AFE08}.Release|Any CPU.ActiveCfg = Release|Any CPU
		{B92C58C3-3404-409C-B970-66A1305AFE08}.Release|Any CPU.Build.0 = Release|Any CPU
		{31480781-D1A6-43C0-B0F4-7428D5A51D8C}.Debug|Any CPU.ActiveCfg = Debug|Any CPU
		{31480781-D1A6-43C0-B0F4-7428D5A51D8C}.Debug|Any CPU.Build.0 = Debug|Any CPU
		{31480781-D1A6-43C0-B0F4-7428D5A51D8C}.Release|Any CPU.ActiveCfg = Release|Any CPU
		{31480781-D1A6-43C0-B0F4-7428D5A51D8C}.Release|Any CPU.Build.0 = Release|Any CPU
	EndGlobalSection
	GlobalSection(SolutionProperties) = preSolution
		HideSolutionNode = FALSE
	EndGlobalSection
	GlobalSection(ExtensibilityGlobals) = postSolution
		SolutionGuid = {7E023C3E-B4D5-46EA-9D82-41EC7C2C2907}
	EndGlobalSection
EndGlobal
